// !$*UTF8*$!
{
	archiveVersion = 1;
	classes = {
	};
	objectVersion = 46;
	objects = {

/* Begin PBXBuildFile section */
		370677901DE9FF8E007EC3FD /* NetworkOperation.swift in Sources */ = {isa = PBXBuildFile; fileRef = 3706778F1DE9FF8E007EC3FD /* NetworkOperation.swift */; };
		370677951DEA020B007EC3FD /* TwitterService.swift in Sources */ = {isa = PBXBuildFile; fileRef = 370677941DEA020B007EC3FD /* TwitterService.swift */; };
		370677991DEA7F1A007EC3FD /* KeychainWrapper.m in Sources */ = {isa = PBXBuildFile; fileRef = 370677981DEA7F1A007EC3FD /* KeychainWrapper.m */; };
		371F5D081DF7B51C00680A48 /* GoogleService-Info.plist in Resources */ = {isa = PBXBuildFile; fileRef = 371F5D071DF7B51C00680A48 /* GoogleService-Info.plist */; };
		3730D6B21DEFD1B70065F3B7 /* ActiveService.swift in Sources */ = {isa = PBXBuildFile; fileRef = 3730D6B11DEFD1B70065F3B7 /* ActiveService.swift */; };
		3730D6B41DEFD24C0065F3B7 /* Service.swift in Sources */ = {isa = PBXBuildFile; fileRef = 3730D6B31DEFD24C0065F3B7 /* Service.swift */; };
		3730D6B61DF113560065F3B7 /* FiveKRunsViewController.swift in Sources */ = {isa = PBXBuildFile; fileRef = 3730D6B51DF113560065F3B7 /* FiveKRunsViewController.swift */; };
		3730D6B81DF1AC350065F3B7 /* ActiveRun.swift in Sources */ = {isa = PBXBuildFile; fileRef = 3730D6B71DF1AC350065F3B7 /* ActiveRun.swift */; };
		373DBDE91DF7B61800DB3698 /* LoginViewController.swift in Sources */ = {isa = PBXBuildFile; fileRef = 373DBDE81DF7B61800DB3698 /* LoginViewController.swift */; };
		373DBDEB1DF7D28900DB3698 /* SignUpViewController.swift in Sources */ = {isa = PBXBuildFile; fileRef = 373DBDEA1DF7D28900DB3698 /* SignUpViewController.swift */; };
		373DBDED1DF8D5FB00DB3698 /* UnderlinerTextField.swift in Sources */ = {isa = PBXBuildFile; fileRef = 373DBDEC1DF8D5FB00DB3698 /* UnderlinerTextField.swift */; };
		375686EA1DE4FC82004F2951 /* AppDelegate.swift in Sources */ = {isa = PBXBuildFile; fileRef = 375686E91DE4FC82004F2951 /* AppDelegate.swift */; };
		375686EF1DE4FC82004F2951 /* Main.storyboard in Resources */ = {isa = PBXBuildFile; fileRef = 375686ED1DE4FC82004F2951 /* Main.storyboard */; };
		375686F21DE4FC82004F2951 /* huff.xcdatamodeld in Sources */ = {isa = PBXBuildFile; fileRef = 375686F01DE4FC82004F2951 /* huff.xcdatamodeld */; };
		375686F41DE4FC82004F2951 /* Assets.xcassets in Resources */ = {isa = PBXBuildFile; fileRef = 375686F31DE4FC82004F2951 /* Assets.xcassets */; };
		375686F71DE4FC82004F2951 /* LaunchScreen.storyboard in Resources */ = {isa = PBXBuildFile; fileRef = 375686F51DE4FC82004F2951 /* LaunchScreen.storyboard */; };
		375687021DE4FC83004F2951 /* huffTests.swift in Sources */ = {isa = PBXBuildFile; fileRef = 375687011DE4FC83004F2951 /* huffTests.swift */; };
		3756870D1DE4FC83004F2951 /* huffUITests.swift in Sources */ = {isa = PBXBuildFile; fileRef = 3756870C1DE4FC83004F2951 /* huffUITests.swift */; };
		375687201DE4FD35004F2951 /* CurrentRunViewController.swift in Sources */ = {isa = PBXBuildFile; fileRef = 3756871F1DE4FD35004F2951 /* CurrentRunViewController.swift */; };
		375687241DE4FE44004F2951 /* Roboto-Regular.ttf in Resources */ = {isa = PBXBuildFile; fileRef = 375687221DE4FDFD004F2951 /* Roboto-Regular.ttf */; };
		375687251DE4FE44004F2951 /* RobotoMono-Regular.ttf in Resources */ = {isa = PBXBuildFile; fileRef = 375687231DE4FDFD004F2951 /* RobotoMono-Regular.ttf */; };
		375687271DE5059E004F2951 /* Run.swift in Sources */ = {isa = PBXBuildFile; fileRef = 375687261DE5059E004F2951 /* Run.swift */; };
		375687291DE508BE004F2951 /* Location.swift in Sources */ = {isa = PBXBuildFile; fileRef = 375687281DE508BE004F2951 /* Location.swift */; };
		375D318F1DEB2F9900829788 /* RegularTweetTableViewCell.swift in Sources */ = {isa = PBXBuildFile; fileRef = 375D318E1DEB2F9900829788 /* RegularTweetTableViewCell.swift */; };
		375D31911DEB332100829788 /* TweetTableViewCell.swift in Sources */ = {isa = PBXBuildFile; fileRef = 375D31901DEB332100829788 /* TweetTableViewCell.swift */; };
		37714A0B1DE7CFE3002ACB3A /* HomeViewController.swift in Sources */ = {isa = PBXBuildFile; fileRef = 37714A0A1DE7CFE3002ACB3A /* HomeViewController.swift */; };
		37714A0D1DE883F0002ACB3A /* TweetsViewController.swift in Sources */ = {isa = PBXBuildFile; fileRef = 37714A0C1DE883F0002ACB3A /* TweetsViewController.swift */; };
		37714A111DE89020002ACB3A /* Tweet.swift in Sources */ = {isa = PBXBuildFile; fileRef = 37714A101DE89020002ACB3A /* Tweet.swift */; };
		3775204A1DFB9C5300027D89 /* FBSDKLoginKit.framework in Frameworks */ = {isa = PBXBuildFile; fileRef = 377520491DFB9C5300027D89 /* FBSDKLoginKit.framework */; };
		3782605E1DEDABDF003C5F13 /* UIViewAnchor.swift in Sources */ = {isa = PBXBuildFile; fileRef = 3782605D1DEDABDF003C5F13 /* UIViewAnchor.swift */; };
		37B249ED1DF279F80052E5BA /* RunOrganization.swift in Sources */ = {isa = PBXBuildFile; fileRef = 37B249EC1DF279F80052E5BA /* RunOrganization.swift */; };
		37B371BB1DF3D38200EB719F /* ActiveRunDetailViewController.swift in Sources */ = {isa = PBXBuildFile; fileRef = 37B371BA1DF3D38200EB719F /* ActiveRunDetailViewController.swift */; };
		37C323AF1DF31841002A93B6 /* RunLocation.swift in Sources */ = {isa = PBXBuildFile; fileRef = 37C323AE1DF31841002A93B6 /* RunLocation.swift */; };
		37C323B11DF33007002A93B6 /* ActiveRunTableViewCell.swift in Sources */ = {isa = PBXBuildFile; fileRef = 37C323B01DF33007002A93B6 /* ActiveRunTableViewCell.swift */; };
		37CEB4261DF65BCA00CF4446 /* RobotoMono-Bold.ttf in Resources */ = {isa = PBXBuildFile; fileRef = 37CEB4251DF65BBB00CF4446 /* RobotoMono-Bold.ttf */; };
		37CEB4281DF6604200CF4446 /* ProfileHeaderView.swift in Sources */ = {isa = PBXBuildFile; fileRef = 37CEB4271DF6604200CF4446 /* ProfileHeaderView.swift */; };
		37CEB42C1DF6670A00CF4446 /* MyProfileViewController.swift in Sources */ = {isa = PBXBuildFile; fileRef = 37CEB42B1DF6670A00CF4446 /* MyProfileViewController.swift */; };
		37D6AF861DE76A2A00EA0DB8 /* RunOverviewViewController.swift in Sources */ = {isa = PBXBuildFile; fileRef = 37D6AF851DE76A2A00EA0DB8 /* RunOverviewViewController.swift */; };
		37DB54991DFCE875004BD15C /* TweetPhotosViewController.swift in Sources */ = {isa = PBXBuildFile; fileRef = 37DB54981DFCE875004BD15C /* TweetPhotosViewController.swift */; };
		37DB549B1DFCF155004BD15C /* TweetPhotoCollectionViewCell.swift in Sources */ = {isa = PBXBuildFile; fileRef = 37DB549A1DFCF155004BD15C /* TweetPhotoCollectionViewCell.swift */; };
		37DD92F21DFA5DBB00CD8D15 /* LoginOverlayView.swift in Sources */ = {isa = PBXBuildFile; fileRef = 37DD92F11DFA5DBB00CD8D15 /* LoginOverlayView.swift */; };
		37FE51781DEA8A3B00152D35 /* Security.framework in Frameworks */ = {isa = PBXBuildFile; fileRef = 37FE51771DEA8A3B00152D35 /* Security.framework */; };
		F8DF945FB864627E096D82DC /* Pods_huff.framework in Frameworks */ = {isa = PBXBuildFile; fileRef = 4B5D1E3936C8DB0FCF1E3A56 /* Pods_huff.framework */; };
/* End PBXBuildFile section */

/* Begin PBXContainerItemProxy section */
		375686FE1DE4FC83004F2951 /* PBXContainerItemProxy */ = {
			isa = PBXContainerItemProxy;
			containerPortal = 375686DE1DE4FC82004F2951 /* Project object */;
			proxyType = 1;
			remoteGlobalIDString = 375686E51DE4FC82004F2951;
			remoteInfo = huff;
		};
		375687091DE4FC83004F2951 /* PBXContainerItemProxy */ = {
			isa = PBXContainerItemProxy;
			containerPortal = 375686DE1DE4FC82004F2951 /* Project object */;
			proxyType = 1;
			remoteGlobalIDString = 375686E51DE4FC82004F2951;
			remoteInfo = huff;
		};
/* End PBXContainerItemProxy section */

/* Begin PBXFileReference section */
		3706778F1DE9FF8E007EC3FD /* NetworkOperation.swift */ = {isa = PBXFileReference; fileEncoding = 4; lastKnownFileType = sourcecode.swift; name = NetworkOperation.swift; path = network/NetworkOperation.swift; sourceTree = "<group>"; };
		370677941DEA020B007EC3FD /* TwitterService.swift */ = {isa = PBXFileReference; fileEncoding = 4; lastKnownFileType = sourcecode.swift; name = TwitterService.swift; path = services/TwitterService.swift; sourceTree = "<group>"; };
		370677961DEA7F1A007EC3FD /* huff-Bridging-Header.h */ = {isa = PBXFileReference; lastKnownFileType = sourcecode.c.h; path = "huff-Bridging-Header.h"; sourceTree = "<group>"; };
		370677971DEA7F1A007EC3FD /* KeychainWrapper.h */ = {isa = PBXFileReference; fileEncoding = 4; lastKnownFileType = sourcecode.c.h; name = KeychainWrapper.h; path = "supporting files/KeychainWrapper.h"; sourceTree = "<group>"; };
		370677981DEA7F1A007EC3FD /* KeychainWrapper.m */ = {isa = PBXFileReference; fileEncoding = 4; lastKnownFileType = sourcecode.c.objc; name = KeychainWrapper.m; path = "supporting files/KeychainWrapper.m"; sourceTree = "<group>"; };
		371F5D071DF7B51C00680A48 /* GoogleService-Info.plist */ = {isa = PBXFileReference; fileEncoding = 4; lastKnownFileType = text.plist.xml; path = "GoogleService-Info.plist"; sourceTree = "<group>"; };
		372DBE201DFBB7D100EB321F /* GoogleToolboxForMac.framework */ = {isa = PBXFileReference; lastKnownFileType = wrapper.framework; name = GoogleToolboxForMac.framework; path = "../../../Library/Developer/Xcode/DerivedData/huff-aymyvzzlyjcavzetsmbynhpfykam/Build/Products/Debug-iphoneos/GoogleToolboxForMac/GoogleToolboxForMac.framework"; sourceTree = "<group>"; };
		3730D6B11DEFD1B70065F3B7 /* ActiveService.swift */ = {isa = PBXFileReference; fileEncoding = 4; lastKnownFileType = sourcecode.swift; name = ActiveService.swift; path = services/ActiveService.swift; sourceTree = "<group>"; };
		3730D6B31DEFD24C0065F3B7 /* Service.swift */ = {isa = PBXFileReference; fileEncoding = 4; lastKnownFileType = sourcecode.swift; name = Service.swift; path = services/Service.swift; sourceTree = "<group>"; };
		3730D6B51DF113560065F3B7 /* FiveKRunsViewController.swift */ = {isa = PBXFileReference; fileEncoding = 4; lastKnownFileType = sourcecode.swift; name = FiveKRunsViewController.swift; path = controllers/FiveKRunsViewController.swift; sourceTree = "<group>"; };
		3730D6B71DF1AC350065F3B7 /* ActiveRun.swift */ = {isa = PBXFileReference; fileEncoding = 4; lastKnownFileType = sourcecode.swift; name = ActiveRun.swift; path = model/ActiveRun.swift; sourceTree = "<group>"; };
		373DBDE81DF7B61800DB3698 /* LoginViewController.swift */ = {isa = PBXFileReference; fileEncoding = 4; lastKnownFileType = sourcecode.swift; name = LoginViewController.swift; path = controllers/LoginViewController.swift; sourceTree = "<group>"; };
		373DBDEA1DF7D28900DB3698 /* SignUpViewController.swift */ = {isa = PBXFileReference; fileEncoding = 4; lastKnownFileType = sourcecode.swift; name = SignUpViewController.swift; path = controllers/SignUpViewController.swift; sourceTree = "<group>"; };
		373DBDEC1DF8D5FB00DB3698 /* UnderlinerTextField.swift */ = {isa = PBXFileReference; fileEncoding = 4; lastKnownFileType = sourcecode.swift; name = UnderlinerTextField.swift; path = views/UnderlinerTextField.swift; sourceTree = "<group>"; };
		373DBDEE1DF8F8B500DB3698 /* Photos.framework */ = {isa = PBXFileReference; lastKnownFileType = wrapper.framework; name = Photos.framework; path = System/Library/Frameworks/Photos.framework; sourceTree = SDKROOT; };
		375686E61DE4FC82004F2951 /* huff.app */ = {isa = PBXFileReference; explicitFileType = wrapper.application; includeInIndex = 0; path = huff.app; sourceTree = BUILT_PRODUCTS_DIR; };
		375686E91DE4FC82004F2951 /* AppDelegate.swift */ = {isa = PBXFileReference; lastKnownFileType = sourcecode.swift; path = AppDelegate.swift; sourceTree = "<group>"; };
		375686EE1DE4FC82004F2951 /* Base */ = {isa = PBXFileReference; lastKnownFileType = file.storyboard; name = Base; path = Base.lproj/Main.storyboard; sourceTree = "<group>"; };
		375686F11DE4FC82004F2951 /* huff.xcdatamodel */ = {isa = PBXFileReference; lastKnownFileType = wrapper.xcdatamodel; path = huff.xcdatamodel; sourceTree = "<group>"; };
		375686F31DE4FC82004F2951 /* Assets.xcassets */ = {isa = PBXFileReference; lastKnownFileType = folder.assetcatalog; path = Assets.xcassets; sourceTree = "<group>"; };
		375686F61DE4FC82004F2951 /* Base */ = {isa = PBXFileReference; lastKnownFileType = file.storyboard; name = Base; path = Base.lproj/LaunchScreen.storyboard; sourceTree = "<group>"; };
		375686F81DE4FC82004F2951 /* Info.plist */ = {isa = PBXFileReference; lastKnownFileType = text.plist.xml; path = Info.plist; sourceTree = "<group>"; };
		375686FD1DE4FC83004F2951 /* huffTests.xctest */ = {isa = PBXFileReference; explicitFileType = wrapper.cfbundle; includeInIndex = 0; path = huffTests.xctest; sourceTree = BUILT_PRODUCTS_DIR; };
		375687011DE4FC83004F2951 /* huffTests.swift */ = {isa = PBXFileReference; lastKnownFileType = sourcecode.swift; path = huffTests.swift; sourceTree = "<group>"; };
		375687031DE4FC83004F2951 /* Info.plist */ = {isa = PBXFileReference; lastKnownFileType = text.plist.xml; path = Info.plist; sourceTree = "<group>"; };
		375687081DE4FC83004F2951 /* huffUITests.xctest */ = {isa = PBXFileReference; explicitFileType = wrapper.cfbundle; includeInIndex = 0; path = huffUITests.xctest; sourceTree = BUILT_PRODUCTS_DIR; };
		3756870C1DE4FC83004F2951 /* huffUITests.swift */ = {isa = PBXFileReference; lastKnownFileType = sourcecode.swift; path = huffUITests.swift; sourceTree = "<group>"; };
		3756870E1DE4FC83004F2951 /* Info.plist */ = {isa = PBXFileReference; lastKnownFileType = text.plist.xml; path = Info.plist; sourceTree = "<group>"; };
		3756871F1DE4FD35004F2951 /* CurrentRunViewController.swift */ = {isa = PBXFileReference; fileEncoding = 4; lastKnownFileType = sourcecode.swift; name = CurrentRunViewController.swift; path = controllers/CurrentRunViewController.swift; sourceTree = "<group>"; };
		375687221DE4FDFD004F2951 /* Roboto-Regular.ttf */ = {isa = PBXFileReference; lastKnownFileType = file; name = "Roboto-Regular.ttf"; path = "other/Roboto-Regular.ttf"; sourceTree = "<group>"; };
		375687231DE4FDFD004F2951 /* RobotoMono-Regular.ttf */ = {isa = PBXFileReference; lastKnownFileType = file; name = "RobotoMono-Regular.ttf"; path = "other/RobotoMono-Regular.ttf"; sourceTree = "<group>"; };
		375687261DE5059E004F2951 /* Run.swift */ = {isa = PBXFileReference; fileEncoding = 4; lastKnownFileType = sourcecode.swift; name = Run.swift; path = model/Run.swift; sourceTree = "<group>"; };
		375687281DE508BE004F2951 /* Location.swift */ = {isa = PBXFileReference; fileEncoding = 4; lastKnownFileType = sourcecode.swift; name = Location.swift; path = model/Location.swift; sourceTree = "<group>"; };
		375D318E1DEB2F9900829788 /* RegularTweetTableViewCell.swift */ = {isa = PBXFileReference; fileEncoding = 4; lastKnownFileType = sourcecode.swift; name = RegularTweetTableViewCell.swift; path = views/RegularTweetTableViewCell.swift; sourceTree = "<group>"; };
		375D31901DEB332100829788 /* TweetTableViewCell.swift */ = {isa = PBXFileReference; fileEncoding = 4; lastKnownFileType = sourcecode.swift; name = TweetTableViewCell.swift; path = views/TweetTableViewCell.swift; sourceTree = "<group>"; };
		37714A0A1DE7CFE3002ACB3A /* HomeViewController.swift */ = {isa = PBXFileReference; fileEncoding = 4; lastKnownFileType = sourcecode.swift; name = HomeViewController.swift; path = controllers/HomeViewController.swift; sourceTree = "<group>"; };
		37714A0C1DE883F0002ACB3A /* TweetsViewController.swift */ = {isa = PBXFileReference; fileEncoding = 4; lastKnownFileType = sourcecode.swift; name = TweetsViewController.swift; path = controllers/TweetsViewController.swift; sourceTree = "<group>"; };
		37714A101DE89020002ACB3A /* Tweet.swift */ = {isa = PBXFileReference; fileEncoding = 4; lastKnownFileType = sourcecode.swift; name = Tweet.swift; path = model/Tweet.swift; sourceTree = "<group>"; };
		377520491DFB9C5300027D89 /* FBSDKLoginKit.framework */ = {isa = PBXFileReference; lastKnownFileType = wrapper.framework; path = FBSDKLoginKit.framework; sourceTree = "<group>"; };
		3782605D1DEDABDF003C5F13 /* UIViewAnchor.swift */ = {isa = PBXFileReference; fileEncoding = 4; lastKnownFileType = sourcecode.swift; name = UIViewAnchor.swift; path = views/UIViewAnchor.swift; sourceTree = "<group>"; };
		37B249EC1DF279F80052E5BA /* RunOrganization.swift */ = {isa = PBXFileReference; fileEncoding = 4; lastKnownFileType = sourcecode.swift; name = RunOrganization.swift; path = model/RunOrganization.swift; sourceTree = "<group>"; };
		37B371BA1DF3D38200EB719F /* ActiveRunDetailViewController.swift */ = {isa = PBXFileReference; fileEncoding = 4; lastKnownFileType = sourcecode.swift; name = ActiveRunDetailViewController.swift; path = controllers/ActiveRunDetailViewController.swift; sourceTree = "<group>"; };
		37C323AE1DF31841002A93B6 /* RunLocation.swift */ = {isa = PBXFileReference; fileEncoding = 4; lastKnownFileType = sourcecode.swift; name = RunLocation.swift; path = model/RunLocation.swift; sourceTree = "<group>"; };
		37C323B01DF33007002A93B6 /* ActiveRunTableViewCell.swift */ = {isa = PBXFileReference; fileEncoding = 4; lastKnownFileType = sourcecode.swift; name = ActiveRunTableViewCell.swift; path = views/ActiveRunTableViewCell.swift; sourceTree = "<group>"; };
		37CEB4251DF65BBB00CF4446 /* RobotoMono-Bold.ttf */ = {isa = PBXFileReference; lastKnownFileType = file; name = "RobotoMono-Bold.ttf"; path = "other/RobotoMono-Bold.ttf"; sourceTree = "<group>"; };
		37CEB4271DF6604200CF4446 /* ProfileHeaderView.swift */ = {isa = PBXFileReference; fileEncoding = 4; lastKnownFileType = sourcecode.swift; name = ProfileHeaderView.swift; path = views/ProfileHeaderView.swift; sourceTree = "<group>"; };
		37CEB42B1DF6670A00CF4446 /* MyProfileViewController.swift */ = {isa = PBXFileReference; fileEncoding = 4; lastKnownFileType = sourcecode.swift; name = MyProfileViewController.swift; path = controllers/MyProfileViewController.swift; sourceTree = "<group>"; };
		37D6AF851DE76A2A00EA0DB8 /* RunOverviewViewController.swift */ = {isa = PBXFileReference; fileEncoding = 4; lastKnownFileType = sourcecode.swift; name = RunOverviewViewController.swift; path = controllers/RunOverviewViewController.swift; sourceTree = "<group>"; };
		37DB54981DFCE875004BD15C /* TweetPhotosViewController.swift */ = {isa = PBXFileReference; fileEncoding = 4; lastKnownFileType = sourcecode.swift; name = TweetPhotosViewController.swift; path = controllers/TweetPhotosViewController.swift; sourceTree = "<group>"; };
		37DB549A1DFCF155004BD15C /* TweetPhotoCollectionViewCell.swift */ = {isa = PBXFileReference; fileEncoding = 4; lastKnownFileType = sourcecode.swift; name = TweetPhotoCollectionViewCell.swift; path = views/TweetPhotoCollectionViewCell.swift; sourceTree = "<group>"; };
		37DD92F01DF8FF8C00CD8D15 /* huff.entitlements */ = {isa = PBXFileReference; lastKnownFileType = text.plist.entitlements; path = huff.entitlements; sourceTree = "<group>"; };
		37DD92F11DFA5DBB00CD8D15 /* LoginOverlayView.swift */ = {isa = PBXFileReference; fileEncoding = 4; lastKnownFileType = sourcecode.swift; name = LoginOverlayView.swift; path = views/LoginOverlayView.swift; sourceTree = "<group>"; };
		37FE51771DEA8A3B00152D35 /* Security.framework */ = {isa = PBXFileReference; lastKnownFileType = wrapper.framework; name = Security.framework; path = System/Library/Frameworks/Security.framework; sourceTree = SDKROOT; };
		4B5D1E3936C8DB0FCF1E3A56 /* Pods_huff.framework */ = {isa = PBXFileReference; explicitFileType = wrapper.framework; includeInIndex = 0; path = Pods_huff.framework; sourceTree = BUILT_PRODUCTS_DIR; };
		6C2517DA2D62DE6BF8128C91 /* Pods-huff.debug.xcconfig */ = {isa = PBXFileReference; includeInIndex = 1; lastKnownFileType = text.xcconfig; name = "Pods-huff.debug.xcconfig"; path = "Pods/Target Support Files/Pods-huff/Pods-huff.debug.xcconfig"; sourceTree = "<group>"; };
		A702275B9A8751FC85796894 /* Pods-huff.release.xcconfig */ = {isa = PBXFileReference; includeInIndex = 1; lastKnownFileType = text.xcconfig; name = "Pods-huff.release.xcconfig"; path = "Pods/Target Support Files/Pods-huff/Pods-huff.release.xcconfig"; sourceTree = "<group>"; };
/* End PBXFileReference section */

/* Begin PBXFrameworksBuildPhase section */
		375686E31DE4FC82004F2951 /* Frameworks */ = {
			isa = PBXFrameworksBuildPhase;
			buildActionMask = 2147483647;
			files = (
				37FE51781DEA8A3B00152D35 /* Security.framework in Frameworks */,
				F8DF945FB864627E096D82DC /* Pods_huff.framework in Frameworks */,
				3775204A1DFB9C5300027D89 /* FBSDKLoginKit.framework in Frameworks */,
			);
			runOnlyForDeploymentPostprocessing = 0;
		};
		375686FA1DE4FC83004F2951 /* Frameworks */ = {
			isa = PBXFrameworksBuildPhase;
			buildActionMask = 2147483647;
			files = (
			);
			runOnlyForDeploymentPostprocessing = 0;
		};
		375687051DE4FC83004F2951 /* Frameworks */ = {
			isa = PBXFrameworksBuildPhase;
			buildActionMask = 2147483647;
			files = (
			);
			runOnlyForDeploymentPostprocessing = 0;
		};
/* End PBXFrameworksBuildPhase section */

/* Begin PBXGroup section */
		3706778A1DE9FE04007EC3FD /* network */ = {
			isa = PBXGroup;
			children = (
				3706778F1DE9FF8E007EC3FD /* NetworkOperation.swift */,
			);
			name = network;
			sourceTree = "<group>";
		};
		370677931DEA01F8007EC3FD /* services */ = {
			isa = PBXGroup;
			children = (
				370677941DEA020B007EC3FD /* TwitterService.swift */,
				3730D6B11DEFD1B70065F3B7 /* ActiveService.swift */,
				3730D6B31DEFD24C0065F3B7 /* Service.swift */,
			);
			name = services;
			sourceTree = "<group>";
		};
		375686DD1DE4FC82004F2951 = {
			isa = PBXGroup;
			children = (
				375686E81DE4FC82004F2951 /* huff */,
				375687001DE4FC83004F2951 /* huffTests */,
				3756870B1DE4FC83004F2951 /* huffUITests */,
				375686E71DE4FC82004F2951 /* Products */,
				37FE51761DEA8A3B00152D35 /* Frameworks */,
				EB4A3D6E0C1574749675699A /* Pods */,
			);
			sourceTree = "<group>";
		};
		375686E71DE4FC82004F2951 /* Products */ = {
			isa = PBXGroup;
			children = (
				375686E61DE4FC82004F2951 /* huff.app */,
				375686FD1DE4FC83004F2951 /* huffTests.xctest */,
				375687081DE4FC83004F2951 /* huffUITests.xctest */,
			);
			name = Products;
			sourceTree = "<group>";
		};
		375686E81DE4FC82004F2951 /* huff */ = {
			isa = PBXGroup;
			children = (
				37DD92F01DF8FF8C00CD8D15 /* huff.entitlements */,
				375686E91DE4FC82004F2951 /* AppDelegate.swift */,
				375686ED1DE4FC82004F2951 /* Main.storyboard */,
				3756871E1DE4FCC7004F2951 /* views */,
				3756871D1DE4FCC4004F2951 /* models */,
				3756871C1DE4FCBD004F2951 /* controllers */,
				3756871B1DE4FCAA004F2951 /* core data */,
				3706778A1DE9FE04007EC3FD /* network */,
				370677931DEA01F8007EC3FD /* services */,
				375687211DE4FDF1004F2951 /* other */,
				3756871A1DE4FC89004F2951 /* supporting files */,
			);
			path = huff;
			sourceTree = "<group>";
		};
		375687001DE4FC83004F2951 /* huffTests */ = {
			isa = PBXGroup;
			children = (
				375687011DE4FC83004F2951 /* huffTests.swift */,
				375687031DE4FC83004F2951 /* Info.plist */,
			);
			path = huffTests;
			sourceTree = "<group>";
		};
		3756870B1DE4FC83004F2951 /* huffUITests */ = {
			isa = PBXGroup;
			children = (
				3756870C1DE4FC83004F2951 /* huffUITests.swift */,
				3756870E1DE4FC83004F2951 /* Info.plist */,
			);
			path = huffUITests;
			sourceTree = "<group>";
		};
		3756871A1DE4FC89004F2951 /* supporting files */ = {
			isa = PBXGroup;
			children = (
				375686F31DE4FC82004F2951 /* Assets.xcassets */,
				375686F51DE4FC82004F2951 /* LaunchScreen.storyboard */,
				375686F81DE4FC82004F2951 /* Info.plist */,
				371F5D071DF7B51C00680A48 /* GoogleService-Info.plist */,
				370677971DEA7F1A007EC3FD /* KeychainWrapper.h */,
				370677981DEA7F1A007EC3FD /* KeychainWrapper.m */,
				370677961DEA7F1A007EC3FD /* huff-Bridging-Header.h */,
			);
			name = "supporting files";
			sourceTree = "<group>";
		};
		3756871B1DE4FCAA004F2951 /* core data */ = {
			isa = PBXGroup;
			children = (
				375686F01DE4FC82004F2951 /* huff.xcdatamodeld */,
			);
			name = "core data";
			sourceTree = "<group>";
		};
		3756871C1DE4FCBD004F2951 /* controllers */ = {
			isa = PBXGroup;
			children = (
				3756871F1DE4FD35004F2951 /* CurrentRunViewController.swift */,
				37D6AF851DE76A2A00EA0DB8 /* RunOverviewViewController.swift */,
				37714A0A1DE7CFE3002ACB3A /* HomeViewController.swift */,
				37714A0C1DE883F0002ACB3A /* TweetsViewController.swift */,
				37DB54981DFCE875004BD15C /* TweetPhotosViewController.swift */,
				3730D6B51DF113560065F3B7 /* FiveKRunsViewController.swift */,
				37B371BA1DF3D38200EB719F /* ActiveRunDetailViewController.swift */,
				37CEB42B1DF6670A00CF4446 /* MyProfileViewController.swift */,
				373DBDE81DF7B61800DB3698 /* LoginViewController.swift */,
				373DBDEA1DF7D28900DB3698 /* SignUpViewController.swift */,
			);
			name = controllers;
			sourceTree = "<group>";
		};
		3756871D1DE4FCC4004F2951 /* models */ = {
			isa = PBXGroup;
			children = (
				375687261DE5059E004F2951 /* Run.swift */,
				375687281DE508BE004F2951 /* Location.swift */,
				37714A101DE89020002ACB3A /* Tweet.swift */,
				3730D6B71DF1AC350065F3B7 /* ActiveRun.swift */,
				37B249EC1DF279F80052E5BA /* RunOrganization.swift */,
				37C323AE1DF31841002A93B6 /* RunLocation.swift */,
			);
			name = models;
			sourceTree = "<group>";
		};
		3756871E1DE4FCC7004F2951 /* views */ = {
			isa = PBXGroup;
			children = (
				375D31901DEB332100829788 /* TweetTableViewCell.swift */,
				375D318E1DEB2F9900829788 /* RegularTweetTableViewCell.swift */,
				3782605D1DEDABDF003C5F13 /* UIViewAnchor.swift */,
				37C323B01DF33007002A93B6 /* ActiveRunTableViewCell.swift */,
				37CEB4271DF6604200CF4446 /* ProfileHeaderView.swift */,
				373DBDEC1DF8D5FB00DB3698 /* UnderlinerTextField.swift */,
				37DD92F11DFA5DBB00CD8D15 /* LoginOverlayView.swift */,
				37DB549A1DFCF155004BD15C /* TweetPhotoCollectionViewCell.swift */,
			);
			name = views;
			sourceTree = "<group>";
		};
		375687211DE4FDF1004F2951 /* other */ = {
			isa = PBXGroup;
			children = (
				375687221DE4FDFD004F2951 /* Roboto-Regular.ttf */,
				375687231DE4FDFD004F2951 /* RobotoMono-Regular.ttf */,
				37CEB4251DF65BBB00CF4446 /* RobotoMono-Bold.ttf */,
			);
			name = other;
			sourceTree = "<group>";
		};
		37FE51761DEA8A3B00152D35 /* Frameworks */ = {
			isa = PBXGroup;
			children = (
				372DBE201DFBB7D100EB321F /* GoogleToolboxForMac.framework */,
				377520491DFB9C5300027D89 /* FBSDKLoginKit.framework */,
				373DBDEE1DF8F8B500DB3698 /* Photos.framework */,
				37FE51771DEA8A3B00152D35 /* Security.framework */,
				4B5D1E3936C8DB0FCF1E3A56 /* Pods_huff.framework */,
			);
			name = Frameworks;
			sourceTree = "<group>";
		};
		EB4A3D6E0C1574749675699A /* Pods */ = {
			isa = PBXGroup;
			children = (
				6C2517DA2D62DE6BF8128C91 /* Pods-huff.debug.xcconfig */,
				A702275B9A8751FC85796894 /* Pods-huff.release.xcconfig */,
			);
			name = Pods;
			sourceTree = "<group>";
		};
/* End PBXGroup section */

/* Begin PBXNativeTarget section */
		375686E51DE4FC82004F2951 /* huff */ = {
			isa = PBXNativeTarget;
			buildConfigurationList = 375687111DE4FC83004F2951 /* Build configuration list for PBXNativeTarget "huff" */;
			buildPhases = (
				37305D75FE1FA524B08ACFA8 /* [CP] Check Pods Manifest.lock */,
				375686E21DE4FC82004F2951 /* Sources */,
				375686E31DE4FC82004F2951 /* Frameworks */,
				375686E41DE4FC82004F2951 /* Resources */,
				06C6ACE587E107161B3719A7 /* [CP] Embed Pods Frameworks */,
				FE2C2AAB03D1FBA4936219F4 /* [CP] Copy Pods Resources */,
			);
			buildRules = (
			);
			dependencies = (
			);
			name = huff;
			productName = huff;
			productReference = 375686E61DE4FC82004F2951 /* huff.app */;
			productType = "com.apple.product-type.application";
		};
		375686FC1DE4FC83004F2951 /* huffTests */ = {
			isa = PBXNativeTarget;
			buildConfigurationList = 375687141DE4FC83004F2951 /* Build configuration list for PBXNativeTarget "huffTests" */;
			buildPhases = (
				375686F91DE4FC83004F2951 /* Sources */,
				375686FA1DE4FC83004F2951 /* Frameworks */,
				375686FB1DE4FC83004F2951 /* Resources */,
			);
			buildRules = (
			);
			dependencies = (
				375686FF1DE4FC83004F2951 /* PBXTargetDependency */,
			);
			name = huffTests;
			productName = huffTests;
			productReference = 375686FD1DE4FC83004F2951 /* huffTests.xctest */;
			productType = "com.apple.product-type.bundle.unit-test";
		};
		375687071DE4FC83004F2951 /* huffUITests */ = {
			isa = PBXNativeTarget;
			buildConfigurationList = 375687171DE4FC83004F2951 /* Build configuration list for PBXNativeTarget "huffUITests" */;
			buildPhases = (
				375687041DE4FC83004F2951 /* Sources */,
				375687051DE4FC83004F2951 /* Frameworks */,
				375687061DE4FC83004F2951 /* Resources */,
			);
			buildRules = (
			);
			dependencies = (
				3756870A1DE4FC83004F2951 /* PBXTargetDependency */,
			);
			name = huffUITests;
			productName = huffUITests;
			productReference = 375687081DE4FC83004F2951 /* huffUITests.xctest */;
			productType = "com.apple.product-type.bundle.ui-testing";
		};
/* End PBXNativeTarget section */

/* Begin PBXProject section */
		375686DE1DE4FC82004F2951 /* Project object */ = {
			isa = PBXProject;
			attributes = {
				LastSwiftUpdateCheck = 0810;
				LastUpgradeCheck = 0810;
				ORGANIZATIONNAME = "Xing Hui Lu";
				TargetAttributes = {
					375686E51DE4FC82004F2951 = {
						CreatedOnToolsVersion = 8.1;
						DevelopmentTeam = 9DDBF23Y4C;
						LastSwiftMigration = 0810;
						ProvisioningStyle = Automatic;
						SystemCapabilities = {
							com.apple.Keychain = {
								enabled = 1;
							};
						};
					};
					375686FC1DE4FC83004F2951 = {
						CreatedOnToolsVersion = 8.1;
						ProvisioningStyle = Automatic;
						TestTargetID = 375686E51DE4FC82004F2951;
					};
					375687071DE4FC83004F2951 = {
						CreatedOnToolsVersion = 8.1;
						ProvisioningStyle = Automatic;
						TestTargetID = 375686E51DE4FC82004F2951;
					};
				};
			};
			buildConfigurationList = 375686E11DE4FC82004F2951 /* Build configuration list for PBXProject "huff" */;
			compatibilityVersion = "Xcode 3.2";
			developmentRegion = English;
			hasScannedForEncodings = 0;
			knownRegions = (
				en,
				Base,
			);
			mainGroup = 375686DD1DE4FC82004F2951;
			productRefGroup = 375686E71DE4FC82004F2951 /* Products */;
			projectDirPath = "";
			projectRoot = "";
			targets = (
				375686E51DE4FC82004F2951 /* huff */,
				375686FC1DE4FC83004F2951 /* huffTests */,
				375687071DE4FC83004F2951 /* huffUITests */,
			);
		};
/* End PBXProject section */

/* Begin PBXResourcesBuildPhase section */
		375686E41DE4FC82004F2951 /* Resources */ = {
			isa = PBXResourcesBuildPhase;
			buildActionMask = 2147483647;
			files = (
				37CEB4261DF65BCA00CF4446 /* RobotoMono-Bold.ttf in Resources */,
				375687241DE4FE44004F2951 /* Roboto-Regular.ttf in Resources */,
				375687251DE4FE44004F2951 /* RobotoMono-Regular.ttf in Resources */,
				375686F71DE4FC82004F2951 /* LaunchScreen.storyboard in Resources */,
				375686F41DE4FC82004F2951 /* Assets.xcassets in Resources */,
				375686EF1DE4FC82004F2951 /* Main.storyboard in Resources */,
				371F5D081DF7B51C00680A48 /* GoogleService-Info.plist in Resources */,
			);
			runOnlyForDeploymentPostprocessing = 0;
		};
		375686FB1DE4FC83004F2951 /* Resources */ = {
			isa = PBXResourcesBuildPhase;
			buildActionMask = 2147483647;
			files = (
			);
			runOnlyForDeploymentPostprocessing = 0;
		};
		375687061DE4FC83004F2951 /* Resources */ = {
			isa = PBXResourcesBuildPhase;
			buildActionMask = 2147483647;
			files = (
			);
			runOnlyForDeploymentPostprocessing = 0;
		};
/* End PBXResourcesBuildPhase section */

/* Begin PBXShellScriptBuildPhase section */
		06C6ACE587E107161B3719A7 /* [CP] Embed Pods Frameworks */ = {
			isa = PBXShellScriptBuildPhase;
			buildActionMask = 2147483647;
			files = (
			);
			inputPaths = (
			);
			name = "[CP] Embed Pods Frameworks";
			outputPaths = (
			);
			runOnlyForDeploymentPostprocessing = 0;
			shellPath = /bin/sh;
			shellScript = "\"${SRCROOT}/Pods/Target Support Files/Pods-huff/Pods-huff-frameworks.sh\"\n";
			showEnvVarsInLog = 0;
		};
		37305D75FE1FA524B08ACFA8 /* [CP] Check Pods Manifest.lock */ = {
			isa = PBXShellScriptBuildPhase;
			buildActionMask = 2147483647;
			files = (
			);
			inputPaths = (
			);
			name = "[CP] Check Pods Manifest.lock";
			outputPaths = (
			);
			runOnlyForDeploymentPostprocessing = 0;
			shellPath = /bin/sh;
			shellScript = "diff \"${PODS_ROOT}/../Podfile.lock\" \"${PODS_ROOT}/Manifest.lock\" > /dev/null\nif [[ $? != 0 ]] ; then\n    cat << EOM\nerror: The sandbox is not in sync with the Podfile.lock. Run 'pod install' or update your CocoaPods installation.\nEOM\n    exit 1\nfi\n";
			showEnvVarsInLog = 0;
		};
		FE2C2AAB03D1FBA4936219F4 /* [CP] Copy Pods Resources */ = {
			isa = PBXShellScriptBuildPhase;
			buildActionMask = 2147483647;
			files = (
			);
			inputPaths = (
			);
			name = "[CP] Copy Pods Resources";
			outputPaths = (
			);
			runOnlyForDeploymentPostprocessing = 0;
			shellPath = /bin/sh;
			shellScript = "\"${SRCROOT}/Pods/Target Support Files/Pods-huff/Pods-huff-resources.sh\"\n";
			showEnvVarsInLog = 0;
		};
/* End PBXShellScriptBuildPhase section */

/* Begin PBXSourcesBuildPhase section */
		375686E21DE4FC82004F2951 /* Sources */ = {
			isa = PBXSourcesBuildPhase;
			buildActionMask = 2147483647;
			files = (
				37714A0D1DE883F0002ACB3A /* TweetsViewController.swift in Sources */,
				37C323B11DF33007002A93B6 /* ActiveRunTableViewCell.swift in Sources */,
				3730D6B81DF1AC350065F3B7 /* ActiveRun.swift in Sources */,
				37DB549B1DFCF155004BD15C /* TweetPhotoCollectionViewCell.swift in Sources */,
				37C323AF1DF31841002A93B6 /* RunLocation.swift in Sources */,
				370677951DEA020B007EC3FD /* TwitterService.swift in Sources */,
				37DB54991DFCE875004BD15C /* TweetPhotosViewController.swift in Sources */,
				37B371BB1DF3D38200EB719F /* ActiveRunDetailViewController.swift in Sources */,
				37714A111DE89020002ACB3A /* Tweet.swift in Sources */,
				37B249ED1DF279F80052E5BA /* RunOrganization.swift in Sources */,
				3782605E1DEDABDF003C5F13 /* UIViewAnchor.swift in Sources */,
				375686F21DE4FC82004F2951 /* huff.xcdatamodeld in Sources */,
				375687271DE5059E004F2951 /* Run.swift in Sources */,
				375687291DE508BE004F2951 /* Location.swift in Sources */,
				375687201DE4FD35004F2951 /* CurrentRunViewController.swift in Sources */,
				375D31911DEB332100829788 /* TweetTableViewCell.swift in Sources */,
				37CEB42C1DF6670A00CF4446 /* MyProfileViewController.swift in Sources */,
				373DBDED1DF8D5FB00DB3698 /* UnderlinerTextField.swift in Sources */,
				373DBDEB1DF7D28900DB3698 /* SignUpViewController.swift in Sources */,
				3730D6B61DF113560065F3B7 /* FiveKRunsViewController.swift in Sources */,
				373DBDE91DF7B61800DB3698 /* LoginViewController.swift in Sources */,
				370677991DEA7F1A007EC3FD /* KeychainWrapper.m in Sources */,
				375686EA1DE4FC82004F2951 /* AppDelegate.swift in Sources */,
				37714A0B1DE7CFE3002ACB3A /* HomeViewController.swift in Sources */,
				37D6AF861DE76A2A00EA0DB8 /* RunOverviewViewController.swift in Sources */,
				37CEB4281DF6604200CF4446 /* ProfileHeaderView.swift in Sources */,
				3730D6B21DEFD1B70065F3B7 /* ActiveService.swift in Sources */,
				3730D6B41DEFD24C0065F3B7 /* Service.swift in Sources */,
				37DD92F21DFA5DBB00CD8D15 /* LoginOverlayView.swift in Sources */,
				375D318F1DEB2F9900829788 /* RegularTweetTableViewCell.swift in Sources */,
				370677901DE9FF8E007EC3FD /* NetworkOperation.swift in Sources */,
			);
			runOnlyForDeploymentPostprocessing = 0;
		};
		375686F91DE4FC83004F2951 /* Sources */ = {
			isa = PBXSourcesBuildPhase;
			buildActionMask = 2147483647;
			files = (
				375687021DE4FC83004F2951 /* huffTests.swift in Sources */,
			);
			runOnlyForDeploymentPostprocessing = 0;
		};
		375687041DE4FC83004F2951 /* Sources */ = {
			isa = PBXSourcesBuildPhase;
			buildActionMask = 2147483647;
			files = (
				3756870D1DE4FC83004F2951 /* huffUITests.swift in Sources */,
			);
			runOnlyForDeploymentPostprocessing = 0;
		};
/* End PBXSourcesBuildPhase section */

/* Begin PBXTargetDependency section */
		375686FF1DE4FC83004F2951 /* PBXTargetDependency */ = {
			isa = PBXTargetDependency;
			target = 375686E51DE4FC82004F2951 /* huff */;
			targetProxy = 375686FE1DE4FC83004F2951 /* PBXContainerItemProxy */;
		};
		3756870A1DE4FC83004F2951 /* PBXTargetDependency */ = {
			isa = PBXTargetDependency;
			target = 375686E51DE4FC82004F2951 /* huff */;
			targetProxy = 375687091DE4FC83004F2951 /* PBXContainerItemProxy */;
		};
/* End PBXTargetDependency section */

/* Begin PBXVariantGroup section */
		375686ED1DE4FC82004F2951 /* Main.storyboard */ = {
			isa = PBXVariantGroup;
			children = (
				375686EE1DE4FC82004F2951 /* Base */,
			);
			name = Main.storyboard;
			sourceTree = "<group>";
		};
		375686F51DE4FC82004F2951 /* LaunchScreen.storyboard */ = {
			isa = PBXVariantGroup;
			children = (
				375686F61DE4FC82004F2951 /* Base */,
			);
			name = LaunchScreen.storyboard;
			sourceTree = "<group>";
		};
/* End PBXVariantGroup section */

/* Begin XCBuildConfiguration section */
		3756870F1DE4FC83004F2951 /* Debug */ = {
			isa = XCBuildConfiguration;
			buildSettings = {
				ALWAYS_SEARCH_USER_PATHS = NO;
				CLANG_ANALYZER_NONNULL = YES;
				CLANG_CXX_LANGUAGE_STANDARD = "gnu++0x";
				CLANG_CXX_LIBRARY = "libc++";
				CLANG_ENABLE_MODULES = YES;
				CLANG_ENABLE_OBJC_ARC = YES;
				CLANG_WARN_BOOL_CONVERSION = YES;
				CLANG_WARN_CONSTANT_CONVERSION = YES;
				CLANG_WARN_DIRECT_OBJC_ISA_USAGE = YES_ERROR;
				CLANG_WARN_DOCUMENTATION_COMMENTS = YES;
				CLANG_WARN_EMPTY_BODY = YES;
				CLANG_WARN_ENUM_CONVERSION = YES;
				CLANG_WARN_INFINITE_RECURSION = YES;
				CLANG_WARN_INT_CONVERSION = YES;
				CLANG_WARN_OBJC_ROOT_CLASS = YES_ERROR;
				CLANG_WARN_SUSPICIOUS_MOVES = YES;
				CLANG_WARN_UNREACHABLE_CODE = YES;
				CLANG_WARN__DUPLICATE_METHOD_MATCH = YES;
				"CODE_SIGN_IDENTITY[sdk=iphoneos*]" = "iPhone Developer";
				COPY_PHASE_STRIP = NO;
				DEBUG_INFORMATION_FORMAT = dwarf;
				ENABLE_STRICT_OBJC_MSGSEND = YES;
				ENABLE_TESTABILITY = YES;
				GCC_C_LANGUAGE_STANDARD = gnu99;
				GCC_DYNAMIC_NO_PIC = NO;
				GCC_NO_COMMON_BLOCKS = YES;
				GCC_OPTIMIZATION_LEVEL = 0;
				GCC_PREPROCESSOR_DEFINITIONS = (
					"DEBUG=1",
					"$(inherited)",
				);
				GCC_WARN_64_TO_32_BIT_CONVERSION = YES;
				GCC_WARN_ABOUT_RETURN_TYPE = YES_ERROR;
				GCC_WARN_UNDECLARED_SELECTOR = YES;
				GCC_WARN_UNINITIALIZED_AUTOS = YES_AGGRESSIVE;
				GCC_WARN_UNUSED_FUNCTION = YES;
				GCC_WARN_UNUSED_VARIABLE = YES;
				IPHONEOS_DEPLOYMENT_TARGET = 10.1;
				MTL_ENABLE_DEBUG_INFO = YES;
				ONLY_ACTIVE_ARCH = YES;
				SDKROOT = iphoneos;
				SWIFT_ACTIVE_COMPILATION_CONDITIONS = DEBUG;
				SWIFT_OPTIMIZATION_LEVEL = "-Onone";
			};
			name = Debug;
		};
		375687101DE4FC83004F2951 /* Release */ = {
			isa = XCBuildConfiguration;
			buildSettings = {
				ALWAYS_SEARCH_USER_PATHS = NO;
				CLANG_ANALYZER_NONNULL = YES;
				CLANG_CXX_LANGUAGE_STANDARD = "gnu++0x";
				CLANG_CXX_LIBRARY = "libc++";
				CLANG_ENABLE_MODULES = YES;
				CLANG_ENABLE_OBJC_ARC = YES;
				CLANG_WARN_BOOL_CONVERSION = YES;
				CLANG_WARN_CONSTANT_CONVERSION = YES;
				CLANG_WARN_DIRECT_OBJC_ISA_USAGE = YES_ERROR;
				CLANG_WARN_DOCUMENTATION_COMMENTS = YES;
				CLANG_WARN_EMPTY_BODY = YES;
				CLANG_WARN_ENUM_CONVERSION = YES;
				CLANG_WARN_INFINITE_RECURSION = YES;
				CLANG_WARN_INT_CONVERSION = YES;
				CLANG_WARN_OBJC_ROOT_CLASS = YES_ERROR;
				CLANG_WARN_SUSPICIOUS_MOVES = YES;
				CLANG_WARN_UNREACHABLE_CODE = YES;
				CLANG_WARN__DUPLICATE_METHOD_MATCH = YES;
				"CODE_SIGN_IDENTITY[sdk=iphoneos*]" = "iPhone Developer";
				COPY_PHASE_STRIP = NO;
				DEBUG_INFORMATION_FORMAT = "dwarf-with-dsym";
				ENABLE_NS_ASSERTIONS = NO;
				ENABLE_STRICT_OBJC_MSGSEND = YES;
				GCC_C_LANGUAGE_STANDARD = gnu99;
				GCC_NO_COMMON_BLOCKS = YES;
				GCC_WARN_64_TO_32_BIT_CONVERSION = YES;
				GCC_WARN_ABOUT_RETURN_TYPE = YES_ERROR;
				GCC_WARN_UNDECLARED_SELECTOR = YES;
				GCC_WARN_UNINITIALIZED_AUTOS = YES_AGGRESSIVE;
				GCC_WARN_UNUSED_FUNCTION = YES;
				GCC_WARN_UNUSED_VARIABLE = YES;
				IPHONEOS_DEPLOYMENT_TARGET = 10.1;
				MTL_ENABLE_DEBUG_INFO = NO;
				SDKROOT = iphoneos;
				SWIFT_OPTIMIZATION_LEVEL = "-Owholemodule";
				VALIDATE_PRODUCT = YES;
			};
			name = Release;
		};
		375687121DE4FC83004F2951 /* Debug */ = {
			isa = XCBuildConfiguration;
			baseConfigurationReference = 6C2517DA2D62DE6BF8128C91 /* Pods-huff.debug.xcconfig */;
			buildSettings = {
				ASSETCATALOG_COMPILER_APPICON_NAME = AppIcon;
				CLANG_ENABLE_MODULES = YES;
				CODE_SIGN_ENTITLEMENTS = huff/huff.entitlements;
				DEVELOPMENT_TEAM = 9DDBF23Y4C;
				FRAMEWORK_SEARCH_PATHS = (
					"$(inherited)",
					"$(PROJECT_DIR)",
				);
				INFOPLIST_FILE = huff/Info.plist;
				LD_RUNPATH_SEARCH_PATHS = "$(inherited) @executable_path/Frameworks";
				PRODUCT_BUNDLE_IDENTIFIER = com.richurd.com.huff;
				PRODUCT_NAME = "$(TARGET_NAME)";
				SWIFT_OBJC_BRIDGING_HEADER = "huff/huff-Bridging-Header.h";
				SWIFT_OPTIMIZATION_LEVEL = "-Onone";
				SWIFT_VERSION = 3.0;
			};
			name = Debug;
		};
		375687131DE4FC83004F2951 /* Release */ = {
			isa = XCBuildConfiguration;
			baseConfigurationReference = A702275B9A8751FC85796894 /* Pods-huff.release.xcconfig */;
			buildSettings = {
				ASSETCATALOG_COMPILER_APPICON_NAME = AppIcon;
				CLANG_ENABLE_MODULES = YES;
				CODE_SIGN_ENTITLEMENTS = huff/huff.entitlements;
				DEVELOPMENT_TEAM = 9DDBF23Y4C;
				FRAMEWORK_SEARCH_PATHS = (
					"$(inherited)",
					"$(PROJECT_DIR)",
				);
				INFOPLIST_FILE = huff/Info.plist;
				LD_RUNPATH_SEARCH_PATHS = "$(inherited) @executable_path/Frameworks";
				PRODUCT_BUNDLE_IDENTIFIER = com.richurd.com.huff;
				PRODUCT_NAME = "$(TARGET_NAME)";
				SWIFT_OBJC_BRIDGING_HEADER = "huff/huff-Bridging-Header.h";
				SWIFT_VERSION = 3.0;
			};
			name = Release;
		};
		375687151DE4FC83004F2951 /* Debug */ = {
			isa = XCBuildConfiguration;
			buildSettings = {
				ALWAYS_EMBED_SWIFT_STANDARD_LIBRARIES = YES;
				BUNDLE_LOADER = "$(TEST_HOST)";
				INFOPLIST_FILE = huffTests/Info.plist;
				LD_RUNPATH_SEARCH_PATHS = "$(inherited) @executable_path/Frameworks @loader_path/Frameworks";
				PRODUCT_BUNDLE_IDENTIFIER = com.richurd.com.huffTests;
				PRODUCT_NAME = "$(TARGET_NAME)";
				SWIFT_VERSION = 3.0;
				TEST_HOST = "$(BUILT_PRODUCTS_DIR)/huff.app/huff";
			};
			name = Debug;
		};
		375687161DE4FC83004F2951 /* Release */ = {
			isa = XCBuildConfiguration;
			buildSettings = {
				ALWAYS_EMBED_SWIFT_STANDARD_LIBRARIES = YES;
				BUNDLE_LOADER = "$(TEST_HOST)";
				INFOPLIST_FILE = huffTests/Info.plist;
				LD_RUNPATH_SEARCH_PATHS = "$(inherited) @executable_path/Frameworks @loader_path/Frameworks";
				PRODUCT_BUNDLE_IDENTIFIER = com.richurd.com.huffTests;
				PRODUCT_NAME = "$(TARGET_NAME)";
				SWIFT_VERSION = 3.0;
				TEST_HOST = "$(BUILT_PRODUCTS_DIR)/huff.app/huff";
			};
			name = Release;
		};
		375687181DE4FC83004F2951 /* Debug */ = {
			isa = XCBuildConfiguration;
			buildSettings = {
				ALWAYS_EMBED_SWIFT_STANDARD_LIBRARIES = YES;
				INFOPLIST_FILE = huffUITests/Info.plist;
				LD_RUNPATH_SEARCH_PATHS = "$(inherited) @executable_path/Frameworks @loader_path/Frameworks";
				PRODUCT_BUNDLE_IDENTIFIER = com.richurd.com.huffUITests;
				PRODUCT_NAME = "$(TARGET_NAME)";
				SWIFT_VERSION = 3.0;
				TEST_TARGET_NAME = huff;
			};
			name = Debug;
		};
		375687191DE4FC83004F2951 /* Release */ = {
			isa = XCBuildConfiguration;
			buildSettings = {
				ALWAYS_EMBED_SWIFT_STANDARD_LIBRARIES = YES;
				INFOPLIST_FILE = huffUITests/Info.plist;
				LD_RUNPATH_SEARCH_PATHS = "$(inherited) @executable_path/Frameworks @loader_path/Frameworks";
				PRODUCT_BUNDLE_IDENTIFIER = com.richurd.com.huffUITests;
				PRODUCT_NAME = "$(TARGET_NAME)";
				SWIFT_VERSION = 3.0;
				TEST_TARGET_NAME = huff;
			};
			name = Release;
		};
/* End XCBuildConfiguration section */

/* Begin XCConfigurationList section */
		375686E11DE4FC82004F2951 /* Build configuration list for PBXProject "huff" */ = {
			isa = XCConfigurationList;
			buildConfigurations = (
				3756870F1DE4FC83004F2951 /* Debug */,
				375687101DE4FC83004F2951 /* Release */,
			);
			defaultConfigurationIsVisible = 0;
			defaultConfigurationName = Release;
		};
		375687111DE4FC83004F2951 /* Build configuration list for PBXNativeTarget "huff" */ = {
			isa = XCConfigurationList;
			buildConfigurations = (
				375687121DE4FC83004F2951 /* Debug */,
				375687131DE4FC83004F2951 /* Release */,
			);
			defaultConfigurationIsVisible = 0;
			defaultConfigurationName = Release;
		};
		375687141DE4FC83004F2951 /* Build configuration list for PBXNativeTarget "huffTests" */ = {
			isa = XCConfigurationList;
			buildConfigurations = (
				375687151DE4FC83004F2951 /* Debug */,
				375687161DE4FC83004F2951 /* Release */,
			);
			defaultConfigurationIsVisible = 0;
			defaultConfigurationName = Release;
		};
		375687171DE4FC83004F2951 /* Build configuration list for PBXNativeTarget "huffUITests" */ = {
			isa = XCConfigurationList;
			buildConfigurations = (
				375687181DE4FC83004F2951 /* Debug */,
				375687191DE4FC83004F2951 /* Release */,
			);
			defaultConfigurationIsVisible = 0;
			defaultConfigurationName = Release;
		};
/* End XCConfigurationList section */

/* Begin XCVersionGroup section */
		375686F01DE4FC82004F2951 /* huff.xcdatamodeld */ = {
			isa = XCVersionGroup;
			children = (
				375686F11DE4FC82004F2951 /* huff.xcdatamodel */,
			);
			currentVersion = 375686F11DE4FC82004F2951 /* huff.xcdatamodel */;
			path = huff.xcdatamodeld;
			sourceTree = "<group>";
			versionGroupType = wrapper.xcdatamodel;
		};
/* End XCVersionGroup section */
	};
	rootObject = 375686DE1DE4FC82004F2951 /* Project object */;
}
